
Microsoft Visual Studio Solution File, Format Version 12.00
# Visual Studio Version 17
VisualStudioVersion = 17.9.34622.214
MinimumVisualStudioVersion = 10.0.40219.1
Project("{FAE04EC0-301F-11D3-BF4B-00C04F79EFBC}") = "keanulapidCaseStudy", "keanulapidCaseStudy.csproj", "{7F4559E8-A00C-490A-996D-786FEFB3F564}"
EndProject
Global
	GlobalSection(SolutionConfigurationPlatforms) = preSolution
		Debug|Any CPU = Debug|Any CPU
		Release|Any CPU = Release|Any CPU
	EndGlobalSection
	GlobalSection(ProjectConfigurationPlatforms) = postSolution
		{7F4559E8-A00C-490A-996D-786FEFB3F564}.Debug|Any CPU.ActiveCfg = Debug|Any CPU
		{7F4559E8-A00C-490A-996D-786FEFB3F564}.Debug|Any CPU.Build.0 = Debug|Any CPU
		{7F4559E8-A00C-490A-996D-786FEFB3F564}.Release|Any CPU.ActiveCfg = Release|Any CPU
		{7F4559E8-A00C-490A-996D-786FEFB3F564}.Release|Any CPU.Build.0 = Release|Any CPU
	EndGlobalSection
	GlobalSection(SolutionProperties) = preSolution
		HideSolutionNode = FALSE
	EndGlobalSection
	GlobalSection(ExtensibilityGlobals) = postSolution
		SolutionGuid = {6C8E9490-047B-4AB9-B3B2-F3FCB8D9BEBD}
	EndGlobalSection
EndGlobal
